// !$*UTF8*$!
{
	archiveVersion = 1;
	classes = {
	};
	objectVersion = 48;
	objects = {

/* Begin PBXBuildFile section */
		06BFD6311F8E849D00D94EB1 /* AppDelegate.swift in Sources */ = {isa = PBXBuildFile; fileRef = 06BFD6301F8E849D00D94EB1 /* AppDelegate.swift */; };
		06BFD6331F8E849D00D94EB1 /* ViewController.swift in Sources */ = {isa = PBXBuildFile; fileRef = 06BFD6321F8E849D00D94EB1 /* ViewController.swift */; };
		06BFD6361F8E849D00D94EB1 /* Main.storyboard in Resources */ = {isa = PBXBuildFile; fileRef = 06BFD6341F8E849D00D94EB1 /* Main.storyboard */; };
		06BFD6381F8E849D00D94EB1 /* Assets.xcassets in Resources */ = {isa = PBXBuildFile; fileRef = 06BFD6371F8E849D00D94EB1 /* Assets.xcassets */; };
		06BFD63B1F8E849D00D94EB1 /* LaunchScreen.storyboard in Resources */ = {isa = PBXBuildFile; fileRef = 06BFD6391F8E849D00D94EB1 /* LaunchScreen.storyboard */; };
		06BFD6461F8E849D00D94EB1 /* CaffeineTests.swift in Sources */ = {isa = PBXBuildFile; fileRef = 06BFD6451F8E849D00D94EB1 /* CaffeineTests.swift */; };
		06BFD6511F8E849D00D94EB1 /* CaffeineUITests.swift in Sources */ = {isa = PBXBuildFile; fileRef = 06BFD6501F8E849D00D94EB1 /* CaffeineUITests.swift */; };
/* End PBXBuildFile section */

/* Begin PBXContainerItemProxy section */
		06BFD6421F8E849D00D94EB1 /* PBXContainerItemProxy */ = {
			isa = PBXContainerItemProxy;
			containerPortal = 06BFD6251F8E849D00D94EB1 /* Project object */;
			proxyType = 1;
			remoteGlobalIDString = 06BFD62C1F8E849D00D94EB1;
			remoteInfo = Caffeine;
		};
		06BFD64D1F8E849D00D94EB1 /* PBXContainerItemProxy */ = {
			isa = PBXContainerItemProxy;
			containerPortal = 06BFD6251F8E849D00D94EB1 /* Project object */;
			proxyType = 1;
			remoteGlobalIDString = 06BFD62C1F8E849D00D94EB1;
			remoteInfo = Caffeine;
		};
/* End PBXContainerItemProxy section */

/* Begin PBXFileReference section */
		06BFD62D1F8E849D00D94EB1 /* Caffeine.app */ = {isa = PBXFileReference; explicitFileType = wrapper.application; includeInIndex = 0; path = Caffeine.app; sourceTree = BUILT_PRODUCTS_DIR; };
		06BFD6301F8E849D00D94EB1 /* AppDelegate.swift */ = {isa = PBXFileReference; lastKnownFileType = sourcecode.swift; path = AppDelegate.swift; sourceTree = "<group>"; };
		06BFD6321F8E849D00D94EB1 /* ViewController.swift */ = {isa = PBXFileReference; lastKnownFileType = sourcecode.swift; path = ViewController.swift; sourceTree = "<group>"; };
		06BFD6351F8E849D00D94EB1 /* Base */ = {isa = PBXFileReference; lastKnownFileType = file.storyboard; name = Base; path = Base.lproj/Main.storyboard; sourceTree = "<group>"; };
		06BFD6371F8E849D00D94EB1 /* Assets.xcassets */ = {isa = PBXFileReference; lastKnownFileType = folder.assetcatalog; path = Assets.xcassets; sourceTree = "<group>"; };
		06BFD63A1F8E849D00D94EB1 /* Base */ = {isa = PBXFileReference; lastKnownFileType = file.storyboard; name = Base; path = Base.lproj/LaunchScreen.storyboard; sourceTree = "<group>"; };
		06BFD63C1F8E849D00D94EB1 /* Info.plist */ = {isa = PBXFileReference; lastKnownFileType = text.plist.xml; path = Info.plist; sourceTree = "<group>"; };
		06BFD6411F8E849D00D94EB1 /* CaffeineTests.xctest */ = {isa = PBXFileReference; explicitFileType = wrapper.cfbundle; includeInIndex = 0; path = CaffeineTests.xctest; sourceTree = BUILT_PRODUCTS_DIR; };
		06BFD6451F8E849D00D94EB1 /* CaffeineTests.swift */ = {isa = PBXFileReference; lastKnownFileType = sourcecode.swift; path = CaffeineTests.swift; sourceTree = "<group>"; };
		06BFD6471F8E849D00D94EB1 /* Info.plist */ = {isa = PBXFileReference; lastKnownFileType = text.plist.xml; path = Info.plist; sourceTree = "<group>"; };
		06BFD64C1F8E849D00D94EB1 /* CaffeineUITests.xctest */ = {isa = PBXFileReference; explicitFileType = wrapper.cfbundle; includeInIndex = 0; path = CaffeineUITests.xctest; sourceTree = BUILT_PRODUCTS_DIR; };
		06BFD6501F8E849D00D94EB1 /* CaffeineUITests.swift */ = {isa = PBXFileReference; lastKnownFileType = sourcecode.swift; path = CaffeineUITests.swift; sourceTree = "<group>"; };
		06BFD6521F8E849D00D94EB1 /* Info.plist */ = {isa = PBXFileReference; lastKnownFileType = text.plist.xml; path = Info.plist; sourceTree = "<group>"; };
/* End PBXFileReference section */

/* Begin PBXFrameworksBuildPhase section */
		06BFD62A1F8E849D00D94EB1 /* Frameworks */ = {
			isa = PBXFrameworksBuildPhase;
			buildActionMask = 2147483647;
			files = (
			);
			runOnlyForDeploymentPostprocessing = 0;
		};
		06BFD63E1F8E849D00D94EB1 /* Frameworks */ = {
			isa = PBXFrameworksBuildPhase;
			buildActionMask = 2147483647;
			files = (
			);
			runOnlyForDeploymentPostprocessing = 0;
		};
		06BFD6491F8E849D00D94EB1 /* Frameworks */ = {
			isa = PBXFrameworksBuildPhase;
			buildActionMask = 2147483647;
			files = (
			);
			runOnlyForDeploymentPostprocessing = 0;
		};
/* End PBXFrameworksBuildPhase section */

/* Begin PBXGroup section */
		06BFD6241F8E849D00D94EB1 = {
			isa = PBXGroup;
			children = (
				06BFD62F1F8E849D00D94EB1 /* Caffeine */,
				06BFD6441F8E849D00D94EB1 /* CaffeineTests */,
				06BFD64F1F8E849D00D94EB1 /* CaffeineUITests */,
				06BFD62E1F8E849D00D94EB1 /* Products */,
			);
			sourceTree = "<group>";
		};
		06BFD62E1F8E849D00D94EB1 /* Products */ = {
			isa = PBXGroup;
			children = (
				06BFD62D1F8E849D00D94EB1 /* Caffeine.app */,
				06BFD6411F8E849D00D94EB1 /* CaffeineTests.xctest */,
				06BFD64C1F8E849D00D94EB1 /* CaffeineUITests.xctest */,
			);
			name = Products;
			sourceTree = "<group>";
		};
		06BFD62F1F8E849D00D94EB1 /* Caffeine */ = {
			isa = PBXGroup;
			children = (
				06BFD6301F8E849D00D94EB1 /* AppDelegate.swift */,
				06BFD6321F8E849D00D94EB1 /* ViewController.swift */,
				06BFD6341F8E849D00D94EB1 /* Main.storyboard */,
				06BFD6371F8E849D00D94EB1 /* Assets.xcassets */,
				06BFD6391F8E849D00D94EB1 /* LaunchScreen.storyboard */,
				06BFD63C1F8E849D00D94EB1 /* Info.plist */,
			);
			path = Caffeine;
			sourceTree = "<group>";
		};
		06BFD6441F8E849D00D94EB1 /* CaffeineTests */ = {
			isa = PBXGroup;
			children = (
				06BFD6451F8E849D00D94EB1 /* CaffeineTests.swift */,
				06BFD6471F8E849D00D94EB1 /* Info.plist */,
			);
			path = CaffeineTests;
			sourceTree = "<group>";
		};
		06BFD64F1F8E849D00D94EB1 /* CaffeineUITests */ = {
			isa = PBXGroup;
			children = (
				06BFD6501F8E849D00D94EB1 /* CaffeineUITests.swift */,
				06BFD6521F8E849D00D94EB1 /* Info.plist */,
			);
			path = CaffeineUITests;
			sourceTree = "<group>";
		};
/* End PBXGroup section */

/* Begin PBXNativeTarget section */
		06BFD62C1F8E849D00D94EB1 /* Caffeine */ = {
			isa = PBXNativeTarget;
			buildConfigurationList = 06BFD6551F8E849D00D94EB1 /* Build configuration list for PBXNativeTarget "Caffeine" */;
			buildPhases = (
				06BFD6291F8E849D00D94EB1 /* Sources */,
				06BFD62A1F8E849D00D94EB1 /* Frameworks */,
				06BFD62B1F8E849D00D94EB1 /* Resources */,
			);
			buildRules = (
			);
			dependencies = (
			);
			name = Caffeine;
			productName = Caffeine;
			productReference = 06BFD62D1F8E849D00D94EB1 /* Caffeine.app */;
			productType = "com.apple.product-type.application";
		};
		06BFD6401F8E849D00D94EB1 /* CaffeineTests */ = {
			isa = PBXNativeTarget;
			buildConfigurationList = 06BFD6581F8E849D00D94EB1 /* Build configuration list for PBXNativeTarget "CaffeineTests" */;
			buildPhases = (
				06BFD63D1F8E849D00D94EB1 /* Sources */,
				06BFD63E1F8E849D00D94EB1 /* Frameworks */,
				06BFD63F1F8E849D00D94EB1 /* Resources */,
			);
			buildRules = (
			);
			dependencies = (
				06BFD6431F8E849D00D94EB1 /* PBXTargetDependency */,
			);
			name = CaffeineTests;
			productName = CaffeineTests;
			productReference = 06BFD6411F8E849D00D94EB1 /* CaffeineTests.xctest */;
			productType = "com.apple.product-type.bundle.unit-test";
		};
		06BFD64B1F8E849D00D94EB1 /* CaffeineUITests */ = {
			isa = PBXNativeTarget;
			buildConfigurationList = 06BFD65B1F8E849D00D94EB1 /* Build configuration list for PBXNativeTarget "CaffeineUITests" */;
			buildPhases = (
				06BFD6481F8E849D00D94EB1 /* Sources */,
				06BFD6491F8E849D00D94EB1 /* Frameworks */,
				06BFD64A1F8E849D00D94EB1 /* Resources */,
			);
			buildRules = (
			);
			dependencies = (
				06BFD64E1F8E849D00D94EB1 /* PBXTargetDependency */,
			);
			name = CaffeineUITests;
			productName = CaffeineUITests;
			productReference = 06BFD64C1F8E849D00D94EB1 /* CaffeineUITests.xctest */;
			productType = "com.apple.product-type.bundle.ui-testing";
		};
/* End PBXNativeTarget section */

/* Begin PBXProject section */
		06BFD6251F8E849D00D94EB1 /* Project object */ = {
			isa = PBXProject;
			attributes = {
				LastSwiftUpdateCheck = 0900;
				LastUpgradeCheck = 0900;
				ORGANIZATIONNAME = "Faisal M. Lalani";
				TargetAttributes = {
					06BFD62C1F8E849D00D94EB1 = {
						CreatedOnToolsVersion = 9.0;
						ProvisioningStyle = Automatic;
					};
					06BFD6401F8E849D00D94EB1 = {
						CreatedOnToolsVersion = 9.0;
						ProvisioningStyle = Automatic;
						TestTargetID = 06BFD62C1F8E849D00D94EB1;
					};
					06BFD64B1F8E849D00D94EB1 = {
						CreatedOnToolsVersion = 9.0;
						ProvisioningStyle = Automatic;
						TestTargetID = 06BFD62C1F8E849D00D94EB1;
					};
				};
			};
			buildConfigurationList = 06BFD6281F8E849D00D94EB1 /* Build configuration list for PBXProject "Caffeine" */;
			compatibilityVersion = "Xcode 8.0";
			developmentRegion = en;
			hasScannedForEncodings = 0;
			knownRegions = (
				en,
				Base,
			);
			mainGroup = 06BFD6241F8E849D00D94EB1;
			productRefGroup = 06BFD62E1F8E849D00D94EB1 /* Products */;
			projectDirPath = "";
			projectRoot = "";
			targets = (
				06BFD62C1F8E849D00D94EB1 /* Caffeine */,
				06BFD6401F8E849D00D94EB1 /* CaffeineTests */,
				06BFD64B1F8E849D00D94EB1 /* CaffeineUITests */,
			);
		};
/* End PBXProject section */

/* Begin PBXResourcesBuildPhase section */
		06BFD62B1F8E849D00D94EB1 /* Resources */ = {
			isa = PBXResourcesBuildPhase;
			buildActionMask = 2147483647;
			files = (
				06BFD63B1F8E849D00D94EB1 /* LaunchScreen.storyboard in Resources */,
				06BFD6381F8E849D00D94EB1 /* Assets.xcassets in Resources */,
				06BFD6361F8E849D00D94EB1 /* Main.storyboard in Resources */,
			);
			runOnlyForDeploymentPostprocessing = 0;
		};
		06BFD63F1F8E849D00D94EB1 /* Resources */ = {
			isa = PBXResourcesBuildPhase;
			buildActionMask = 2147483647;
			files = (
			);
			runOnlyForDeploymentPostprocessing = 0;
		};
		06BFD64A1F8E849D00D94EB1 /* Resources */ = {
			isa = PBXResourcesBuildPhase;
			buildActionMask = 2147483647;
			files = (
			);
			runOnlyForDeploymentPostprocessing = 0;
		};
/* End PBXResourcesBuildPhase section */

/* Begin PBXSourcesBuildPhase section */
		06BFD6291F8E849D00D94EB1 /* Sources */ = {
			isa = PBXSourcesBuildPhase;
			buildActionMask = 2147483647;
			files = (
				06BFD6331F8E849D00D94EB1 /* ViewController.swift in Sources */,
				06BFD6311F8E849D00D94EB1 /* AppDelegate.swift in Sources */,
			);
			runOnlyForDeploymentPostprocessing = 0;
		};
		06BFD63D1F8E849D00D94EB1 /* Sources */ = {
			isa = PBXSourcesBuildPhase;
			buildActionMask = 2147483647;
			files = (
				06BFD6461F8E849D00D94EB1 /* CaffeineTests.swift in Sources */,
			);
			runOnlyForDeploymentPostprocessing = 0;
		};
		06BFD6481F8E849D00D94EB1 /* Sources */ = {
			isa = PBXSourcesBuildPhase;
			buildActionMask = 2147483647;
			files = (
				06BFD6511F8E849D00D94EB1 /* CaffeineUITests.swift in Sources */,
			);
			runOnlyForDeploymentPostprocessing = 0;
		};
/* End PBXSourcesBuildPhase section */

/* Begin PBXTargetDependency section */
		06BFD6431F8E849D00D94EB1 /* PBXTargetDependency */ = {
			isa = PBXTargetDependency;
			target = 06BFD62C1F8E849D00D94EB1 /* Caffeine */;
			targetProxy = 06BFD6421F8E849D00D94EB1 /* PBXContainerItemProxy */;
		};
		06BFD64E1F8E849D00D94EB1 /* PBXTargetDependency */ = {
			isa = PBXTargetDependency;
			target = 06BFD62C1F8E849D00D94EB1 /* Caffeine */;
			targetProxy = 06BFD64D1F8E849D00D94EB1 /* PBXContainerItemProxy */;
		};
/* End PBXTargetDependency section */

/* Begin PBXVariantGroup section */
		06BFD6341F8E849D00D94EB1 /* Main.storyboard */ = {
			isa = PBXVariantGroup;
			children = (
				06BFD6351F8E849D00D94EB1 /* Base */,
			);
			name = Main.storyboard;
			sourceTree = "<group>";
		};
		06BFD6391F8E849D00D94EB1 /* LaunchScreen.storyboard */ = {
			isa = PBXVariantGroup;
			children = (
				06BFD63A1F8E849D00D94EB1 /* Base */,
			);
			name = LaunchScreen.storyboard;
			sourceTree = "<group>";
		};
/* End PBXVariantGroup section */

/* Begin XCBuildConfiguration section */
		06BFD6531F8E849D00D94EB1 /* Debug */ = {
			isa = XCBuildConfiguration;
			buildSettings = {
				ALWAYS_SEARCH_USER_PATHS = NO;
				CLANG_ANALYZER_NONNULL = YES;
				CLANG_ANALYZER_NUMBER_OBJECT_CONVERSION = YES_AGGRESSIVE;
				CLANG_CXX_LANGUAGE_STANDARD = "gnu++14";
				CLANG_CXX_LIBRARY = "libc++";
				CLANG_ENABLE_MODULES = YES;
				CLANG_ENABLE_OBJC_ARC = YES;
				CLANG_WARN_BLOCK_CAPTURE_AUTORELEASING = YES;
				CLANG_WARN_BOOL_CONVERSION = YES;
				CLANG_WARN_COMMA = YES;
				CLANG_WARN_CONSTANT_CONVERSION = YES;
				CLANG_WARN_DIRECT_OBJC_ISA_USAGE = YES_ERROR;
				CLANG_WARN_DOCUMENTATION_COMMENTS = YES;
				CLANG_WARN_EMPTY_BODY = YES;
				CLANG_WARN_ENUM_CONVERSION = YES;
				CLANG_WARN_INFINITE_RECURSION = YES;
				CLANG_WARN_INT_CONVERSION = YES;
				CLANG_WARN_NON_LITERAL_NULL_CONVERSION = YES;
				CLANG_WARN_OBJC_LITERAL_CONVERSION = YES;
				CLANG_WARN_OBJC_ROOT_CLASS = YES_ERROR;
				CLANG_WARN_RANGE_LOOP_ANALYSIS = YES;
				CLANG_WARN_STRICT_PROTOTYPES = YES;
				CLANG_WARN_SUSPICIOUS_MOVE = YES;
				CLANG_WARN_UNGUARDED_AVAILABILITY = YES_AGGRESSIVE;
				CLANG_WARN_UNREACHABLE_CODE = YES;
				CLANG_WARN__DUPLICATE_METHOD_MATCH = YES;
				CODE_SIGN_IDENTITY = "iPhone Developer";
				COPY_PHASE_STRIP = NO;
				DEBUG_INFORMATION_FORMAT = dwarf;
				ENABLE_STRICT_OBJC_MSGSEND = YES;
				ENABLE_TESTABILITY = YES;
				GCC_C_LANGUAGE_STANDARD = gnu11;
				GCC_DYNAMIC_NO_PIC = NO;
				GCC_NO_COMMON_BLOCKS = YES;
				GCC_OPTIMIZATION_LEVEL = 0;
				GCC_PREPROCESSOR_DEFINITIONS = (
					"DEBUG=1",
					"$(inherited)",
				);
				GCC_WARN_64_TO_32_BIT_CONVERSION = YES;
				GCC_WARN_ABOUT_RETURN_TYPE = YES_ERROR;
				GCC_WARN_UNDECLARED_SELECTOR = YES;
				GCC_WARN_UNINITIALIZED_AUTOS = YES_AGGRESSIVE;
				GCC_WARN_UNUSED_FUNCTION = YES;
				GCC_WARN_UNUSED_VARIABLE = YES;
				IPHONEOS_DEPLOYMENT_TARGET = 11.0;
				MTL_ENABLE_DEBUG_INFO = YES;
				ONLY_ACTIVE_ARCH = YES;
				SDKROOT = iphoneos;
				SWIFT_ACTIVE_COMPILATION_CONDITIONS = DEBUG;
				SWIFT_OPTIMIZATION_LEVEL = "-Onone";
			};
			name = Debug;
		};
		06BFD6541F8E849D00D94EB1 /* Release */ = {
			isa = XCBuildConfiguration;
			buildSettings = {
				ALWAYS_SEARCH_USER_PATHS = NO;
				CLANG_ANALYZER_NONNULL = YES;
				CLANG_ANALYZER_NUMBER_OBJECT_CONVERSION = YES_AGGRESSIVE;
				CLANG_CXX_LANGUAGE_STANDARD = "gnu++14";
				CLANG_CXX_LIBRARY = "libc++";
				CLANG_ENABLE_MODULES = YES;
				CLANG_ENABLE_OBJC_ARC = YES;
				CLANG_WARN_BLOCK_CAPTURE_AUTORELEASING = YES;
				CLANG_WARN_BOOL_CONVERSION = YES;
				CLANG_WARN_COMMA = YES;
				CLANG_WARN_CONSTANT_CONVERSION = YES;
				CLANG_WARN_DIRECT_OBJC_ISA_USAGE = YES_ERROR;
				CLANG_WARN_DOCUMENTATION_COMMENTS = YES;
				CLANG_WARN_EMPTY_BODY = YES;
				CLANG_WARN_ENUM_CONVERSION = YES;
				CLANG_WARN_INFINITE_RECURSION = YES;
				CLANG_WARN_INT_CONVERSION = YES;
				CLANG_WARN_NON_LITERAL_NULL_CONVERSION = YES;
				CLANG_WARN_OBJC_LITERAL_CONVERSION = YES;
				CLANG_WARN_OBJC_ROOT_CLASS = YES_ERROR;
				CLANG_WARN_RANGE_LOOP_ANALYSIS = YES;
				CLANG_WARN_STRICT_PROTOTYPES = YES;
				CLANG_WARN_SUSPICIOUS_MOVE = YES;
				CLANG_WARN_UNGUARDED_AVAILABILITY = YES_AGGRESSIVE;
				CLANG_WARN_UNREACHABLE_CODE = YES;
				CLANG_WARN__DUPLICATE_METHOD_MATCH = YES;
				CODE_SIGN_IDENTITY = "iPhone Developer";
				COPY_PHASE_STRIP = NO;
				DEBUG_INFORMATION_FORMAT = "dwarf-with-dsym";
				ENABLE_NS_ASSERTIONS = NO;
				ENABLE_STRICT_OBJC_MSGSEND = YES;
				GCC_C_LANGUAGE_STANDARD = gnu11;
				GCC_NO_COMMON_BLOCKS = YES;
				GCC_WARN_64_TO_32_BIT_CONVERSION = YES;
				GCC_WARN_ABOUT_RETURN_TYPE = YES_ERROR;
				GCC_WARN_UNDECLARED_SELECTOR = YES;
				GCC_WARN_UNINITIALIZED_AUTOS = YES_AGGRESSIVE;
				GCC_WARN_UNUSED_FUNCTION = YES;
				GCC_WARN_UNUSED_VARIABLE = YES;
				IPHONEOS_DEPLOYMENT_TARGET = 11.0;
				MTL_ENABLE_DEBUG_INFO = NO;
				SDKROOT = iphoneos;
				SWIFT_OPTIMIZATION_LEVEL = "-Owholemodule";
				VALIDATE_PRODUCT = YES;
			};
			name = Release;
		};
		06BFD6561F8E849D00D94EB1 /* Debug */ = {
			isa = XCBuildConfiguration;
			buildSettings = {
				ASSETCATALOG_COMPILER_APPICON_NAME = AppIcon;
				CODE_SIGN_STYLE = Automatic;
				DEVELOPMENT_TEAM = 3KFDZ263TX;
				INFOPLIST_FILE = Caffeine/Info.plist;
				LD_RUNPATH_SEARCH_PATHS = "$(inherited) @executable_path/Frameworks";
				PRODUCT_BUNDLE_IDENTIFIER = com.faisalmlalani.Caffeine;
				PRODUCT_NAME = "$(TARGET_NAME)";
				SWIFT_VERSION = 4.0;
				TARGETED_DEVICE_FAMILY = "1,2";
			};
			name = Debug;
		};
		06BFD6571F8E849D00D94EB1 /* Release */ = {
			isa = XCBuildConfiguration;
			buildSettings = {
				ASSETCATALOG_COMPILER_APPICON_NAME = AppIcon;
				CODE_SIGN_STYLE = Automatic;
				DEVELOPMENT_TEAM = 3KFDZ263TX;
				INFOPLIST_FILE = Caffeine/Info.plist;
				LD_RUNPATH_SEARCH_PATHS = "$(inherited) @executable_path/Frameworks";
				PRODUCT_BUNDLE_IDENTIFIER = com.faisalmlalani.Caffeine;
				PRODUCT_NAME = "$(TARGET_NAME)";
				SWIFT_VERSION = 4.0;
				TARGETED_DEVICE_FAMILY = "1,2";
			};
			name = Release;
		};
		06BFD6591F8E849D00D94EB1 /* Debug */ = {
			isa = XCBuildConfiguration;
			buildSettings = {
				ALWAYS_EMBED_SWIFT_STANDARD_LIBRARIES = YES;
				BUNDLE_LOADER = "$(TEST_HOST)";
				CODE_SIGN_STYLE = Automatic;
				DEVELOPMENT_TEAM = 3KFDZ263TX;
				INFOPLIST_FILE = CaffeineTests/Info.plist;
				LD_RUNPATH_SEARCH_PATHS = "$(inherited) @executable_path/Frameworks @loader_path/Frameworks";
				PRODUCT_BUNDLE_IDENTIFIER = com.faisalmlalani.CaffeineTests;
				PRODUCT_NAME = "$(TARGET_NAME)";
				SWIFT_VERSION = 4.0;
				TARGETED_DEVICE_FAMILY = "1,2";
				TEST_HOST = "$(BUILT_PRODUCTS_DIR)/Caffeine.app/Caffeine";
			};
			name = Debug;
		};
		06BFD65A1F8E849D00D94EB1 /* Release */ = {
			isa = XCBuildConfiguration;
			buildSettings = {
				ALWAYS_EMBED_SWIFT_STANDARD_LIBRARIES = YES;
				BUNDLE_LOADER = "$(TEST_HOST)";
				CODE_SIGN_STYLE = Automatic;
				DEVELOPMENT_TEAM = 3KFDZ263TX;
				INFOPLIST_FILE = CaffeineTests/Info.plist;
				LD_RUNPATH_SEARCH_PATHS = "$(inherited) @executable_path/Frameworks @loader_path/Frameworks";
				PRODUCT_BUNDLE_IDENTIFIER = com.faisalmlalani.CaffeineTests;
				PRODUCT_NAME = "$(TARGET_NAME)";
				SWIFT_VERSION = 4.0;
				TARGETED_DEVICE_FAMILY = "1,2";
				TEST_HOST = "$(BUILT_PRODUCTS_DIR)/Caffeine.app/Caffeine";
			};
			name = Release;
		};
		06BFD65C1F8E849D00D94EB1 /* Debug */ = {
			isa = XCBuildConfiguration;
			buildSettings = {
				ALWAYS_EMBED_SWIFT_STANDARD_LIBRARIES = YES;
				CODE_SIGN_STYLE = Automatic;
				DEVELOPMENT_TEAM = 3KFDZ263TX;
				INFOPLIST_FILE = CaffeineUITests/Info.plist;
				LD_RUNPATH_SEARCH_PATHS = "$(inherited) @executable_path/Frameworks @loader_path/Frameworks";
				PRODUCT_BUNDLE_IDENTIFIER = com.faisalmlalani.CaffeineUITests;
				PRODUCT_NAME = "$(TARGET_NAME)";
				SWIFT_VERSION = 4.0;
				TARGETED_DEVICE_FAMILY = "1,2";
				TEST_TARGET_NAME = Caffeine;
			};
			name = Debug;
		};
		06BFD65D1F8E849D00D94EB1 /* Release */ = {
			isa = XCBuildConfiguration;
			buildSettings = {
				ALWAYS_EMBED_SWIFT_STANDARD_LIBRARIES = YES;
				CODE_SIGN_STYLE = Automatic;
				DEVELOPMENT_TEAM = 3KFDZ263TX;
				INFOPLIST_FILE = CaffeineUITests/Info.plist;
				LD_RUNPATH_SEARCH_PATHS = "$(inherited) @executable_path/Frameworks @loader_path/Frameworks";
				PRODUCT_BUNDLE_IDENTIFIER = com.faisalmlalani.CaffeineUITests;
				PRODUCT_NAME = "$(TARGET_NAME)";
				SWIFT_VERSION = 4.0;
				TARGETED_DEVICE_FAMILY = "1,2";
				TEST_TARGET_NAME = Caffeine;
			};
			name = Release;
		};
/* End XCBuildConfiguration section */

/* Begin XCConfigurationList section */
		06BFD6281F8E849D00D94EB1 /* Build configuration list for PBXProject "Caffeine" */ = {
			isa = XCConfigurationList;
			buildConfigurations = (
				06BFD6531F8E849D00D94EB1 /* Debug */,
				06BFD6541F8E849D00D94EB1 /* Release */,
			);
			defaultConfigurationIsVisible = 0;
			defaultConfigurationName = Release;
		};
		06BFD6551F8E849D00D94EB1 /* Build configuration list for PBXNativeTarget "Caffeine" */ = {
			isa = XCConfigurationList;
			buildConfigurations = (
				06BFD6561F8E849D00D94EB1 /* Debug */,
				06BFD6571F8E849D00D94EB1 /* Release */,
			);
			defaultConfigurationIsVisible = 0;
			defaultConfigurationName = Release;
		};
		06BFD6581F8E849D00D94EB1 /* Build configuration list for PBXNativeTarget "CaffeineTests" */ = {
			isa = XCConfigurationList;
			buildConfigurations = (
				06BFD6591F8E849D00D94EB1 /* Debug */,
				06BFD65A1F8E849D00D94EB1 /* Release */,
			);
			defaultConfigurationIsVisible = 0;
			defaultConfigurationName = Release;
		};
		06BFD65B1F8E849D00D94EB1 /* Build configuration list for PBXNativeTarget "CaffeineUITests" */ = {
			isa = XCConfigurationList;
			buildConfigurations = (
				06BFD65C1F8E849D00D94EB1 /* Debug */,
				06BFD65D1F8E849D00D94EB1 /* Release */,
			);
			defaultConfigurationIsVisible = 0;
			defaultConfigurationName = Release;
		};
/* End XCConfigurationList section */
	};
	rootObject = 06BFD6251F8E849D00D94EB1 /* Project object */;
}
